
Microsoft Visual Studio Solution File, Format Version 12.00
# Visual Studio Version 17
VisualStudioVersion = 17.0.31919.166
MinimumVisualStudioVersion = 10.0.40219.1
Project("{FAE04EC0-301F-11D3-BF4B-00C04F79EFBC}") = "WebAPI", "WebAPI\WebAPI.csproj", "{49822E88-019B-4986-8FC6-873B27A006CD}"
EndProject
Project("{FAE04EC0-301F-11D3-BF4B-00C04F79EFBC}") = "Business", "Business\Business.csproj", "{10FBB33F-731F-43B4-B4BD-CEBE7C751A18}"
EndProject
Project("{FAE04EC0-301F-11D3-BF4B-00C04F79EFBC}") = "DataAccess", "DataAccess\DataAccess.csproj", "{B6E1E304-2FCC-48EA-BDCC-55AFF613520B}"
EndProject
Project("{FAE04EC0-301F-11D3-BF4B-00C04F79EFBC}") = "Entities", "Entities\Entities.csproj", "{7C646E2D-FD1E-4B43-9E88-C46A740CE739}"
EndProject
Project("{FAE04EC0-301F-11D3-BF4B-00C04F79EFBC}") = "Core", "Core\Core.csproj", "{63BFD7BE-AE68-4F34-9C66-244E69B91ABA}"
EndProject
Global
	GlobalSection(SolutionConfigurationPlatforms) = preSolution
		Debug|Any CPU = Debug|Any CPU
		Release|Any CPU = Release|Any CPU
	EndGlobalSection
	GlobalSection(ProjectConfigurationPlatforms) = postSolution
		{49822E88-019B-4986-8FC6-873B27A006CD}.Debug|Any CPU.ActiveCfg = Debug|Any CPU
		{49822E88-019B-4986-8FC6-873B27A006CD}.Debug|Any CPU.Build.0 = Debug|Any CPU
		{49822E88-019B-4986-8FC6-873B27A006CD}.Release|Any CPU.ActiveCfg = Release|Any CPU
		{49822E88-019B-4986-8FC6-873B27A006CD}.Release|Any CPU.Build.0 = Release|Any CPU
		{10FBB33F-731F-43B4-B4BD-CEBE7C751A18}.Debug|Any CPU.ActiveCfg = Debug|Any CPU
		{10FBB33F-731F-43B4-B4BD-CEBE7C751A18}.Debug|Any CPU.Build.0 = Debug|Any CPU
		{10FBB33F-731F-43B4-B4BD-CEBE7C751A18}.Release|Any CPU.ActiveCfg = Release|Any CPU
		{10FBB33F-731F-43B4-B4BD-CEBE7C751A18}.Release|Any CPU.Build.0 = Release|Any CPU
		{B6E1E304-2FCC-48EA-BDCC-55AFF613520B}.Debug|Any CPU.ActiveCfg = Debug|Any CPU
		{B6E1E304-2FCC-48EA-BDCC-55AFF613520B}.Debug|Any CPU.Build.0 = Debug|Any CPU
		{B6E1E304-2FCC-48EA-BDCC-55AFF613520B}.Release|Any CPU.ActiveCfg = Release|Any CPU
		{B6E1E304-2FCC-48EA-BDCC-55AFF613520B}.Release|Any CPU.Build.0 = Release|Any CPU
		{7C646E2D-FD1E-4B43-9E88-C46A740CE739}.Debug|Any CPU.ActiveCfg = Debug|Any CPU
		{7C646E2D-FD1E-4B43-9E88-C46A740CE739}.Debug|Any CPU.Build.0 = Debug|Any CPU
		{7C646E2D-FD1E-4B43-9E88-C46A740CE739}.Release|Any CPU.ActiveCfg = Release|Any CPU
		{7C646E2D-FD1E-4B43-9E88-C46A740CE739}.Release|Any CPU.Build.0 = Release|Any CPU
		{63BFD7BE-AE68-4F34-9C66-244E69B91ABA}.Debug|Any CPU.ActiveCfg = Debug|Any CPU
		{63BFD7BE-AE68-4F34-9C66-244E69B91ABA}.Debug|Any CPU.Build.0 = Debug|Any CPU
		{63BFD7BE-AE68-4F34-9C66-244E69B91ABA}.Release|Any CPU.ActiveCfg = Release|Any CPU
		{63BFD7BE-AE68-4F34-9C66-244E69B91ABA}.Release|Any CPU.Build.0 = Release|Any CPU
	EndGlobalSection
	GlobalSection(SolutionProperties) = preSolution
		HideSolutionNode = FALSE
	EndGlobalSection
	GlobalSection(ExtensibilityGlobals) = postSolution
		SolutionGuid = {96D61ECC-00CB-42E3-B4D3-C0B5FB4F68AB}
	EndGlobalSection
EndGlobal
